
Microsoft Visual Studio Solution File, Format Version 10.00
# Visual Studio 2008
Project("{FAE04EC0-301F-11D3-BF4B-00C04F79EFBC}") = "InfoStrat.VE.NUI", "..\InfoStrat.VE.NUI\InfoStrat.VE.NUI.csproj", "{C2772804-EA24-4643-B996-448070BEB69B}"
EndProject
Project("{FAE04EC0-301F-11D3-BF4B-00C04F79EFBC}") = "InfoStrat.VE", "..\InfoStrat.VE\InfoStrat.VE.csproj", "{D9B10AB5-EF32-4607-AA16-8D612718C1B6}"
EndProject
Project("{FAE04EC0-301F-11D3-BF4B-00C04F79EFBC}") = "WPFVEMapSample", "WPFMapSample\WPFVEMapSample.csproj", "{A6D30108-C610-4724-9CCD-F40D8835E35A}"
EndProject
Project("{FAE04EC0-301F-11D3-BF4B-00C04F79EFBC}") = "SurfaceVEMapSample", "SurfaceMapSample\SurfaceVEMapSample.csproj", "{30AE0834-A47D-40EE-8553-3EF0C1CA1B55}"
EndProject
Project("{FAE04EC0-301F-11D3-BF4B-00C04F79EFBC}") = "Windows7VEMapSample", "Windows7VEMapSample\Windows7VEMapSample.csproj", "{EB0627BA-B854-455F-8472-2F6C38E88795}"
EndProject
Project("{FAE04EC0-301F-11D3-BF4B-00C04F79EFBC}") = "Windows7.Multitouch", "..\Windows7.Multitouch\Windows7.Multitouch.csproj", "{BA3201ED-9FDD-44E5-AA16-5A14526BB908}"
EndProject
Project("{FAE04EC0-301F-11D3-BF4B-00C04F79EFBC}") = "InfoStrat.VE.Windows7Touch", "..\InfoStrat.VE.Windows7Touch\InfoStrat.VE.Windows7Touch.csproj", "{87C41192-6020-45DB-A06B-4A8C45F81FE1}"
EndProject
Project("{FAE04EC0-301F-11D3-BF4B-00C04F79EFBC}") = "Windows7.Multitouch.WPF", "..\Windows7.Multitouch.WPF\Windows7.Multitouch.WPF.csproj", "{F42D6367-B340-4CE4-9AB7-43EEF3692FF4}"
EndProject
Global
	GlobalSection(SolutionConfigurationPlatforms) = preSolution
		Debug on Surface|Any CPU = Debug on Surface|Any CPU
		Debug on Surface|x86 = Debug on Surface|x86
		Debug|Any CPU = Debug|Any CPU
		Debug|x86 = Debug|x86
		Release|Any CPU = Release|Any CPU
		Release|x86 = Release|x86
	EndGlobalSection
	GlobalSection(ProjectConfigurationPlatforms) = postSolution
		{C2772804-EA24-4643-B996-448070BEB69B}.Debug on Surface|Any CPU.ActiveCfg = Debug on Surface|Any CPU
		{C2772804-EA24-4643-B996-448070BEB69B}.Debug on Surface|Any CPU.Build.0 = Debug on Surface|Any CPU
		{C2772804-EA24-4643-B996-448070BEB69B}.Debug on Surface|x86.ActiveCfg = Debug on Surface|x86
		{C2772804-EA24-4643-B996-448070BEB69B}.Debug on Surface|x86.Build.0 = Debug on Surface|x86
		{C2772804-EA24-4643-B996-448070BEB69B}.Debug|Any CPU.ActiveCfg = Debug|Any CPU
		{C2772804-EA24-4643-B996-448070BEB69B}.Debug|Any CPU.Build.0 = Debug|Any CPU
		{C2772804-EA24-4643-B996-448070BEB69B}.Debug|x86.ActiveCfg = Debug|x86
		{C2772804-EA24-4643-B996-448070BEB69B}.Debug|x86.Build.0 = Debug|x86
		{C2772804-EA24-4643-B996-448070BEB69B}.Release|Any CPU.ActiveCfg = Release|Any CPU
		{C2772804-EA24-4643-B996-448070BEB69B}.Release|x86.ActiveCfg = Release|x86
		{C2772804-EA24-4643-B996-448070BEB69B}.Release|x86.Build.0 = Release|x86
		{D9B10AB5-EF32-4607-AA16-8D612718C1B6}.Debug on Surface|Any CPU.ActiveCfg = Debug on Surface|Any CPU
		{D9B10AB5-EF32-4607-AA16-8D612718C1B6}.Debug on Surface|Any CPU.Build.0 = Debug on Surface|Any CPU
		{D9B10AB5-EF32-4607-AA16-8D612718C1B6}.Debug on Surface|x86.ActiveCfg = Debug on Surface|x86
		{D9B10AB5-EF32-4607-AA16-8D612718C1B6}.Debug on Surface|x86.Build.0 = Debug on Surface|x86
		{D9B10AB5-EF32-4607-AA16-8D612718C1B6}.Debug|Any CPU.ActiveCfg = Debug|Any CPU
		{D9B10AB5-EF32-4607-AA16-8D612718C1B6}.Debug|Any CPU.Build.0 = Debug|Any CPU
		{D9B10AB5-EF32-4607-AA16-8D612718C1B6}.Debug|x86.ActiveCfg = Debug|x86
		{D9B10AB5-EF32-4607-AA16-8D612718C1B6}.Debug|x86.Build.0 = Debug|x86
		{D9B10AB5-EF32-4607-AA16-8D612718C1B6}.Release|Any CPU.ActiveCfg = Release|Any CPU
		{D9B10AB5-EF32-4607-AA16-8D612718C1B6}.Release|Any CPU.Build.0 = Release|Any CPU
		{D9B10AB5-EF32-4607-AA16-8D612718C1B6}.Release|x86.ActiveCfg = Release|x86
		{D9B10AB5-EF32-4607-AA16-8D612718C1B6}.Release|x86.Build.0 = Release|x86
		{A6D30108-C610-4724-9CCD-F40D8835E35A}.Debug on Surface|Any CPU.ActiveCfg = Debug on Surface|Any CPU
		{A6D30108-C610-4724-9CCD-F40D8835E35A}.Debug on Surface|Any CPU.Build.0 = Debug on Surface|Any CPU
		{A6D30108-C610-4724-9CCD-F40D8835E35A}.Debug on Surface|x86.ActiveCfg = Debug on Surface|x86
		{A6D30108-C610-4724-9CCD-F40D8835E35A}.Debug on Surface|x86.Build.0 = Debug on Surface|x86
		{A6D30108-C610-4724-9CCD-F40D8835E35A}.Debug|Any CPU.ActiveCfg = Debug|Any CPU
		{A6D30108-C610-4724-9CCD-F40D8835E35A}.Debug|Any CPU.Build.0 = Debug|Any CPU
		{A6D30108-C610-4724-9CCD-F40D8835E35A}.Debug|x86.ActiveCfg = Debug|x86
		{A6D30108-C610-4724-9CCD-F40D8835E35A}.Debug|x86.Build.0 = Debug|x86
		{A6D30108-C610-4724-9CCD-F40D8835E35A}.Release|Any CPU.ActiveCfg = Release|Any CPU
		{A6D30108-C610-4724-9CCD-F40D8835E35A}.Release|Any CPU.Build.0 = Release|Any CPU
		{A6D30108-C610-4724-9CCD-F40D8835E35A}.Release|x86.ActiveCfg = Release|x86
		{A6D30108-C610-4724-9CCD-F40D8835E35A}.Release|x86.Build.0 = Release|x86
		{30AE0834-A47D-40EE-8553-3EF0C1CA1B55}.Debug on Surface|Any CPU.ActiveCfg = Debug on Surface|Any CPU
		{30AE0834-A47D-40EE-8553-3EF0C1CA1B55}.Debug on Surface|Any CPU.Build.0 = Debug on Surface|Any CPU
		{30AE0834-A47D-40EE-8553-3EF0C1CA1B55}.Debug on Surface|x86.ActiveCfg = Debug on Surface|x86
		{30AE0834-A47D-40EE-8553-3EF0C1CA1B55}.Debug on Surface|x86.Build.0 = Debug on Surface|x86
		{30AE0834-A47D-40EE-8553-3EF0C1CA1B55}.Debug|Any CPU.ActiveCfg = Debug|Any CPU
		{30AE0834-A47D-40EE-8553-3EF0C1CA1B55}.Debug|Any CPU.Build.0 = Debug|Any CPU
		{30AE0834-A47D-40EE-8553-3EF0C1CA1B55}.Debug|x86.ActiveCfg = Debug|x86
		{30AE0834-A47D-40EE-8553-3EF0C1CA1B55}.Debug|x86.Build.0 = Debug|x86
		{30AE0834-A47D-40EE-8553-3EF0C1CA1B55}.Release|Any CPU.ActiveCfg = Release|Any CPU
		{30AE0834-A47D-40EE-8553-3EF0C1CA1B55}.Release|x86.ActiveCfg = Release|x86
		{30AE0834-A47D-40EE-8553-3EF0C1CA1B55}.Release|x86.Build.0 = Release|x86
		{EB0627BA-B854-455F-8472-2F6C38E88795}.Debug on Surface|Any CPU.ActiveCfg = Debug|Any CPU
		{EB0627BA-B854-455F-8472-2F6C38E88795}.Debug on Surface|Any CPU.Build.0 = Debug|Any CPU
		{EB0627BA-B854-455F-8472-2F6C38E88795}.Debug on Surface|x86.ActiveCfg = Debug|x86
		{EB0627BA-B854-455F-8472-2F6C38E88795}.Debug on Surface|x86.Build.0 = Debug|x86
		{EB0627BA-B854-455F-8472-2F6C38E88795}.Debug|Any CPU.ActiveCfg = Debug|Any CPU
		{EB0627BA-B854-455F-8472-2F6C38E88795}.Debug|Any CPU.Build.0 = Debug|Any CPU
		{EB0627BA-B854-455F-8472-2F6C38E88795}.Debug|x86.ActiveCfg = Debug|x86
		{EB0627BA-B854-455F-8472-2F6C38E88795}.Debug|x86.Build.0 = Debug|x86
		{EB0627BA-B854-455F-8472-2F6C38E88795}.Release|Any CPU.ActiveCfg = Release|Any CPU
		{EB0627BA-B854-455F-8472-2F6C38E88795}.Release|Any CPU.Build.0 = Release|Any CPU
		{EB0627BA-B854-455F-8472-2F6C38E88795}.Release|x86.ActiveCfg = Release|x86
		{EB0627BA-B854-455F-8472-2F6C38E88795}.Release|x86.Build.0 = Release|x86
		{BA3201ED-9FDD-44E5-AA16-5A14526BB908}.Debug on Surface|Any CPU.ActiveCfg = Debug|Any CPU
		{BA3201ED-9FDD-44E5-AA16-5A14526BB908}.Debug on Surface|Any CPU.Build.0 = Debug|Any CPU
		{BA3201ED-9FDD-44E5-AA16-5A14526BB908}.Debug on Surface|x86.ActiveCfg = Debug|x86
		{BA3201ED-9FDD-44E5-AA16-5A14526BB908}.Debug on Surface|x86.Build.0 = Debug|x86
		{BA3201ED-9FDD-44E5-AA16-5A14526BB908}.Debug|Any CPU.ActiveCfg = Debug|Any CPU
		{BA3201ED-9FDD-44E5-AA16-5A14526BB908}.Debug|Any CPU.Build.0 = Debug|Any CPU
		{BA3201ED-9FDD-44E5-AA16-5A14526BB908}.Debug|x86.ActiveCfg = Debug|x86
		{BA3201ED-9FDD-44E5-AA16-5A14526BB908}.Debug|x86.Build.0 = Debug|x86
		{BA3201ED-9FDD-44E5-AA16-5A14526BB908}.Release|Any CPU.ActiveCfg = Release|Any CPU
		{BA3201ED-9FDD-44E5-AA16-5A14526BB908}.Release|Any CPU.Build.0 = Release|Any CPU
		{BA3201ED-9FDD-44E5-AA16-5A14526BB908}.Release|x86.ActiveCfg = Release|x86
		{BA3201ED-9FDD-44E5-AA16-5A14526BB908}.Release|x86.Build.0 = Release|x86
		{87C41192-6020-45DB-A06B-4A8C45F81FE1}.Debug on Surface|Any CPU.ActiveCfg = Debug|Any CPU
		{87C41192-6020-45DB-A06B-4A8C45F81FE1}.Debug on Surface|Any CPU.Build.0 = Debug|Any CPU
		{87C41192-6020-45DB-A06B-4A8C45F81FE1}.Debug on Surface|x86.ActiveCfg = Debug|x86
		{87C41192-6020-45DB-A06B-4A8C45F81FE1}.Debug on Surface|x86.Build.0 = Debug|x86
		{87C41192-6020-45DB-A06B-4A8C45F81FE1}.Debug|Any CPU.ActiveCfg = Debug|Any CPU
		{87C41192-6020-45DB-A06B-4A8C45F81FE1}.Debug|Any CPU.Build.0 = Debug|Any CPU
		{87C41192-6020-45DB-A06B-4A8C45F81FE1}.Debug|x86.ActiveCfg = Debug|x86
		{87C41192-6020-45DB-A06B-4A8C45F81FE1}.Debug|x86.Build.0 = Debug|x86
		{87C41192-6020-45DB-A06B-4A8C45F81FE1}.Release|Any CPU.ActiveCfg = Release|Any CPU
		{87C41192-6020-45DB-A06B-4A8C45F81FE1}.Release|Any CPU.Build.0 = Release|Any CPU
		{87C41192-6020-45DB-A06B-4A8C45F81FE1}.Release|x86.ActiveCfg = Release|x86
		{87C41192-6020-45DB-A06B-4A8C45F81FE1}.Release|x86.Build.0 = Release|x86
		{F42D6367-B340-4CE4-9AB7-43EEF3692FF4}.Debug on Surface|Any CPU.ActiveCfg = Debug|x86
		{F42D6367-B340-4CE4-9AB7-43EEF3692FF4}.Debug on Surface|x86.ActiveCfg = Debug|x86
		{F42D6367-B340-4CE4-9AB7-43EEF3692FF4}.Debug on Surface|x86.Build.0 = Debug|x86
		{F42D6367-B340-4CE4-9AB7-43EEF3692FF4}.Debug|Any CPU.ActiveCfg = Debug|Any CPU
		{F42D6367-B340-4CE4-9AB7-43EEF3692FF4}.Debug|Any CPU.Build.0 = Debug|Any CPU
		{F42D6367-B340-4CE4-9AB7-43EEF3692FF4}.Debug|x86.ActiveCfg = Debug|x86
		{F42D6367-B340-4CE4-9AB7-43EEF3692FF4}.Debug|x86.Build.0 = Debug|x86
		{F42D6367-B340-4CE4-9AB7-43EEF3692FF4}.Release|Any CPU.ActiveCfg = Release|Any CPU
		{F42D6367-B340-4CE4-9AB7-43EEF3692FF4}.Release|Any CPU.Build.0 = Release|Any CPU
		{F42D6367-B340-4CE4-9AB7-43EEF3692FF4}.Release|x86.ActiveCfg = Release|x86
		{F42D6367-B340-4CE4-9AB7-43EEF3692FF4}.Release|x86.Build.0 = Release|x86
	EndGlobalSection
	GlobalSection(SolutionProperties) = preSolution
		HideSolutionNode = FALSE
	EndGlobalSection
EndGlobal
