
Microsoft Visual Studio Solution File, Format Version 11.00
# Visual Studio 2010
Project("{FAE04EC0-301F-11D3-BF4B-00C04F79EFBC}") = "InfoStrat.VE.NUI.VS10", "..\InfoStrat.VE.NUI\InfoStrat.VE.NUI.VS10.csproj", "{C2772804-EA24-4643-B996-448070BEB69B}"
EndProject
Project("{FAE04EC0-301F-11D3-BF4B-00C04F79EFBC}") = "InfoStrat.VE.VS10", "..\InfoStrat.VE\InfoStrat.VE.VS10.csproj", "{D9B10AB5-EF32-4607-AA16-8D612718C1B6}"
EndProject
Project("{FAE04EC0-301F-11D3-BF4B-00C04F79EFBC}") = "WPFVEMapSample.VS10", "WPFMapSample\WPFVEMapSample.VS10.csproj", "{A6D30108-C610-4724-9CCD-F40D8835E35A}"
EndProject
Project("{FAE04EC0-301F-11D3-BF4B-00C04F79EFBC}") = "SurfaceVEMapSample.VS10", "SurfaceMapSample\SurfaceVEMapSample.VS10.csproj", "{30AE0834-A47D-40EE-8553-3EF0C1CA1B55}"
EndProject
Project("{FAE04EC0-301F-11D3-BF4B-00C04F79EFBC}") = "Windows7VEMapSample.VS10", "Windows7VEMapSample\Windows7VEMapSample.VS10.csproj", "{EB0627BA-B854-455F-8472-2F6C38E88795}"
EndProject
Project("{FAE04EC0-301F-11D3-BF4B-00C04F79EFBC}") = "Windows7.Multitouch.VS10", "..\Windows7.Multitouch\Windows7.Multitouch.VS10.csproj", "{BA3201ED-9FDD-44E5-AA16-5A14526BB908}"
EndProject
Project("{FAE04EC0-301F-11D3-BF4B-00C04F79EFBC}") = "InfoStrat.VE.Windows7Touch.VS10", "..\InfoStrat.VE.Windows7Touch\InfoStrat.VE.Windows7Touch.VS10.csproj", "{87C41192-6020-45DB-A06B-4A8C45F81FE1}"
EndProject
Project("{FAE04EC0-301F-11D3-BF4B-00C04F79EFBC}") = "Windows7.Multitouch.WPF.VS10", "..\Windows7.Multitouch.WPF\Windows7.Multitouch.WPF.VS10.csproj", "{F42D6367-B340-4CE4-9AB7-43EEF3692FF4}"
EndProject
Project("{FAE04EC0-301F-11D3-BF4B-00C04F79EFBC}") = "DataBindingSample.VS10", "DataBindingSample\DataBindingSample.VS10.csproj", "{BF147DD5-18F0-47AE-A0F0-624909DF38BD}"
EndProject
Project("{FAE04EC0-301F-11D3-BF4B-00C04F79EFBC}") = "InfoStrat.VE.WPFTouch.VS10", "..\InfoStrat.VE.WPFTouch\InfoStrat.VE.WPFTouch.VS10.csproj", "{5C2B912D-0D19-4D3C-8967-5123D5725E5C}"
EndProject
Project("{FAE04EC0-301F-11D3-BF4B-00C04F79EFBC}") = "WPFTouchVEMapSample.VS10", "WPFTouchVEMapSample\WPFTouchVEMapSample.VS10.csproj", "{32093B65-B30A-4CE7-9022-CF6234245E92}"
EndProject
Project("{2150E333-8FDC-42A3-9474-1A3956D46DE8}") = "VEMapSamples", "VEMapSamples", "{668F87CB-C021-4E70-9708-FD235105282D}"
EndProject
Project("{2150E333-8FDC-42A3-9474-1A3956D46DE8}") = "bin", "bin", "{057DCE1E-06C4-414C-A269-D98EFA97ACB6}"
	ProjectSection(SolutionItems) = preProject
		..\bin\InfoStrat.VE.dll = ..\bin\InfoStrat.VE.dll
		..\bin\InfoStrat.VE.NUI.dll = ..\bin\InfoStrat.VE.NUI.dll
		..\bin\InfoStrat.VE.Windows7Touch.dll = ..\bin\InfoStrat.VE.Windows7Touch.dll
		..\bin\InfoStrat.VE.WPFTouch.dll = ..\bin\InfoStrat.VE.WPFTouch.dll
	EndProjectSection
EndProject
Global
	GlobalSection(TeamFoundationVersionControl) = preSolution
		SccNumberOfProjects = 12
		SccEnterpriseProvider = {4CA58AB2-18FA-4F8D-95D4-32DDF27D184C}
		SccTeamFoundationServer = https://tfs.codeplex.com/tfs/tfs08
		SccLocalPath0 = .
		SccProjectUniqueName1 = ..\\InfoStrat.VE.NUI\\InfoStrat.VE.NUI.VS10.csproj
		SccProjectName1 = ../InfoStrat.VE.NUI
		SccLocalPath1 = ..\\InfoStrat.VE.NUI
		SccProjectUniqueName2 = ..\\InfoStrat.VE\\InfoStrat.VE.VS10.csproj
		SccProjectName2 = ../InfoStrat.VE
		SccLocalPath2 = ..\\InfoStrat.VE
		SccProjectUniqueName3 = WPFMapSample\\WPFVEMapSample.VS10.csproj
		SccProjectTopLevelParentUniqueName3 = VEMapSamples.VS10.sln
		SccProjectName3 = WPFMapSample
		SccLocalPath3 = WPFMapSample
		SccProjectUniqueName4 = SurfaceMapSample\\SurfaceVEMapSample.VS10.csproj
		SccProjectTopLevelParentUniqueName4 = VEMapSamples.VS10.sln
		SccProjectName4 = SurfaceMapSample
		SccLocalPath4 = SurfaceMapSample
		SccProjectUniqueName5 = Windows7VEMapSample\\Windows7VEMapSample.VS10.csproj
		SccProjectTopLevelParentUniqueName5 = VEMapSamples.VS10.sln
		SccProjectName5 = Windows7VEMapSample
		SccLocalPath5 = Windows7VEMapSample
		SccProjectUniqueName6 = ..\\Windows7.Multitouch\\Windows7.Multitouch.VS10.csproj
		SccProjectName6 = ../Windows7.Multitouch
		SccLocalPath6 = ..\\Windows7.Multitouch
		SccProjectUniqueName7 = ..\\InfoStrat.VE.Windows7Touch\\InfoStrat.VE.Windows7Touch.VS10.csproj
		SccProjectName7 = ../InfoStrat.VE.Windows7Touch
		SccLocalPath7 = ..\\InfoStrat.VE.Windows7Touch
		SccProjectUniqueName8 = ..\\Windows7.Multitouch.WPF\\Windows7.Multitouch.WPF.VS10.csproj
		SccProjectName8 = ../Windows7.Multitouch.WPF
		SccLocalPath8 = ..\\Windows7.Multitouch.WPF
		SccProjectUniqueName9 = DataBindingSample\\DataBindingSample.VS10.csproj
		SccProjectTopLevelParentUniqueName9 = VEMapSamples.VS10.sln
		SccProjectName9 = DataBindingSample
		SccLocalPath9 = DataBindingSample
		SccProjectUniqueName10 = ..\\InfoStrat.VE.WPFTouch\\InfoStrat.VE.WPFTouch.VS10.csproj
		SccProjectName10 = ../InfoStrat.VE.WPFTouch
		SccLocalPath10 = ..\\InfoStrat.VE.WPFTouch
		SccProjectUniqueName11 = WPFTouchVEMapSample\\WPFTouchVEMapSample.VS10.csproj
		SccProjectTopLevelParentUniqueName11 = VEMapSamples.VS10.sln
		SccProjectName11 = WPFTouchVEMapSample
		SccLocalPath11 = WPFTouchVEMapSample
	EndGlobalSection
	GlobalSection(SolutionConfigurationPlatforms) = preSolution
		Debug Minimal|Any CPU = Debug Minimal|Any CPU
		Debug Minimal|x86 = Debug Minimal|x86
		Debug No Tests|Any CPU = Debug No Tests|Any CPU
		Debug No Tests|x86 = Debug No Tests|x86
		Debug on Surface|Any CPU = Debug on Surface|Any CPU
		Debug on Surface|x86 = Debug on Surface|x86
		Debug|Any CPU = Debug|Any CPU
		Debug|x86 = Debug|x86
		Release No Tests|Any CPU = Release No Tests|Any CPU
		Release No Tests|x86 = Release No Tests|x86
		Release|Any CPU = Release|Any CPU
		Release|x86 = Release|x86
	EndGlobalSection
	GlobalSection(ProjectConfigurationPlatforms) = postSolution
		{C2772804-EA24-4643-B996-448070BEB69B}.Debug Minimal|Any CPU.ActiveCfg = Debug on Surface|x86
		{C2772804-EA24-4643-B996-448070BEB69B}.Debug Minimal|x86.ActiveCfg = Debug on Surface|x86
		{C2772804-EA24-4643-B996-448070BEB69B}.Debug Minimal|x86.Build.0 = Debug on Surface|x86
		{C2772804-EA24-4643-B996-448070BEB69B}.Debug No Tests|Any CPU.ActiveCfg = Debug on Surface|x86
		{C2772804-EA24-4643-B996-448070BEB69B}.Debug No Tests|x86.ActiveCfg = Debug on Surface|x86
		{C2772804-EA24-4643-B996-448070BEB69B}.Debug No Tests|x86.Build.0 = Debug on Surface|x86
		{C2772804-EA24-4643-B996-448070BEB69B}.Debug on Surface|Any CPU.ActiveCfg = Debug on Surface|Any CPU
		{C2772804-EA24-4643-B996-448070BEB69B}.Debug on Surface|Any CPU.Build.0 = Debug on Surface|Any CPU
		{C2772804-EA24-4643-B996-448070BEB69B}.Debug on Surface|x86.ActiveCfg = Debug on Surface|x86
		{C2772804-EA24-4643-B996-448070BEB69B}.Debug on Surface|x86.Build.0 = Debug on Surface|x86
		{C2772804-EA24-4643-B996-448070BEB69B}.Debug|Any CPU.ActiveCfg = Debug|Any CPU
		{C2772804-EA24-4643-B996-448070BEB69B}.Debug|Any CPU.Build.0 = Debug|Any CPU
		{C2772804-EA24-4643-B996-448070BEB69B}.Debug|x86.ActiveCfg = Debug|x86
		{C2772804-EA24-4643-B996-448070BEB69B}.Debug|x86.Build.0 = Debug|x86
		{C2772804-EA24-4643-B996-448070BEB69B}.Release No Tests|Any CPU.ActiveCfg = Release|x86
		{C2772804-EA24-4643-B996-448070BEB69B}.Release No Tests|x86.ActiveCfg = Release|x86
		{C2772804-EA24-4643-B996-448070BEB69B}.Release No Tests|x86.Build.0 = Release|x86
		{C2772804-EA24-4643-B996-448070BEB69B}.Release|Any CPU.ActiveCfg = Release|Any CPU
		{C2772804-EA24-4643-B996-448070BEB69B}.Release|Any CPU.Build.0 = Release|Any CPU
		{C2772804-EA24-4643-B996-448070BEB69B}.Release|x86.ActiveCfg = Release|Any CPU
		{C2772804-EA24-4643-B996-448070BEB69B}.Release|x86.Build.0 = Release|Any CPU
		{D9B10AB5-EF32-4607-AA16-8D612718C1B6}.Debug Minimal|Any CPU.ActiveCfg = Debug on Surface|x86
		{D9B10AB5-EF32-4607-AA16-8D612718C1B6}.Debug Minimal|Any CPU.Build.0 = Debug on Surface|x86
		{D9B10AB5-EF32-4607-AA16-8D612718C1B6}.Debug Minimal|x86.ActiveCfg = Debug on Surface|x86
		{D9B10AB5-EF32-4607-AA16-8D612718C1B6}.Debug Minimal|x86.Build.0 = Debug on Surface|x86
		{D9B10AB5-EF32-4607-AA16-8D612718C1B6}.Debug No Tests|Any CPU.ActiveCfg = Debug on Surface|x86
		{D9B10AB5-EF32-4607-AA16-8D612718C1B6}.Debug No Tests|x86.ActiveCfg = Debug on Surface|x86
		{D9B10AB5-EF32-4607-AA16-8D612718C1B6}.Debug No Tests|x86.Build.0 = Debug on Surface|x86
		{D9B10AB5-EF32-4607-AA16-8D612718C1B6}.Debug on Surface|Any CPU.ActiveCfg = Debug on Surface|Any CPU
		{D9B10AB5-EF32-4607-AA16-8D612718C1B6}.Debug on Surface|Any CPU.Build.0 = Debug on Surface|Any CPU
		{D9B10AB5-EF32-4607-AA16-8D612718C1B6}.Debug on Surface|x86.ActiveCfg = Debug on Surface|x86
		{D9B10AB5-EF32-4607-AA16-8D612718C1B6}.Debug on Surface|x86.Build.0 = Debug on Surface|x86
		{D9B10AB5-EF32-4607-AA16-8D612718C1B6}.Debug|Any CPU.ActiveCfg = Debug|Any CPU
		{D9B10AB5-EF32-4607-AA16-8D612718C1B6}.Debug|Any CPU.Build.0 = Debug|Any CPU
		{D9B10AB5-EF32-4607-AA16-8D612718C1B6}.Debug|x86.ActiveCfg = Debug|x86
		{D9B10AB5-EF32-4607-AA16-8D612718C1B6}.Debug|x86.Build.0 = Debug|x86
		{D9B10AB5-EF32-4607-AA16-8D612718C1B6}.Release No Tests|Any CPU.ActiveCfg = Release|x86
		{D9B10AB5-EF32-4607-AA16-8D612718C1B6}.Release No Tests|x86.ActiveCfg = Release|x86
		{D9B10AB5-EF32-4607-AA16-8D612718C1B6}.Release No Tests|x86.Build.0 = Release|x86
		{D9B10AB5-EF32-4607-AA16-8D612718C1B6}.Release|Any CPU.ActiveCfg = Release|Any CPU
		{D9B10AB5-EF32-4607-AA16-8D612718C1B6}.Release|Any CPU.Build.0 = Release|Any CPU
		{D9B10AB5-EF32-4607-AA16-8D612718C1B6}.Release|x86.ActiveCfg = Release|Any CPU
		{D9B10AB5-EF32-4607-AA16-8D612718C1B6}.Release|x86.Build.0 = Release|Any CPU
		{A6D30108-C610-4724-9CCD-F40D8835E35A}.Debug Minimal|Any CPU.ActiveCfg = Debug on Surface|x86
		{A6D30108-C610-4724-9CCD-F40D8835E35A}.Debug Minimal|Any CPU.Build.0 = Debug on Surface|x86
		{A6D30108-C610-4724-9CCD-F40D8835E35A}.Debug Minimal|x86.ActiveCfg = Debug on Surface|x86
		{A6D30108-C610-4724-9CCD-F40D8835E35A}.Debug Minimal|x86.Build.0 = Debug on Surface|x86
		{A6D30108-C610-4724-9CCD-F40D8835E35A}.Debug No Tests|Any CPU.ActiveCfg = Debug on Surface|x86
		{A6D30108-C610-4724-9CCD-F40D8835E35A}.Debug No Tests|x86.ActiveCfg = Debug on Surface|x86
		{A6D30108-C610-4724-9CCD-F40D8835E35A}.Debug No Tests|x86.Build.0 = Debug on Surface|x86
		{A6D30108-C610-4724-9CCD-F40D8835E35A}.Debug on Surface|Any CPU.ActiveCfg = Debug on Surface|Any CPU
		{A6D30108-C610-4724-9CCD-F40D8835E35A}.Debug on Surface|Any CPU.Build.0 = Debug on Surface|Any CPU
		{A6D30108-C610-4724-9CCD-F40D8835E35A}.Debug on Surface|x86.ActiveCfg = Debug on Surface|x86
		{A6D30108-C610-4724-9CCD-F40D8835E35A}.Debug on Surface|x86.Build.0 = Debug on Surface|x86
		{A6D30108-C610-4724-9CCD-F40D8835E35A}.Debug|Any CPU.ActiveCfg = Debug|Any CPU
		{A6D30108-C610-4724-9CCD-F40D8835E35A}.Debug|Any CPU.Build.0 = Debug|Any CPU
		{A6D30108-C610-4724-9CCD-F40D8835E35A}.Debug|x86.ActiveCfg = Debug|x86
		{A6D30108-C610-4724-9CCD-F40D8835E35A}.Debug|x86.Build.0 = Debug|x86
		{A6D30108-C610-4724-9CCD-F40D8835E35A}.Release No Tests|Any CPU.ActiveCfg = Release|x86
		{A6D30108-C610-4724-9CCD-F40D8835E35A}.Release No Tests|x86.ActiveCfg = Release|x86
		{A6D30108-C610-4724-9CCD-F40D8835E35A}.Release No Tests|x86.Build.0 = Release|x86
		{A6D30108-C610-4724-9CCD-F40D8835E35A}.Release|Any CPU.ActiveCfg = Release|Any CPU
		{A6D30108-C610-4724-9CCD-F40D8835E35A}.Release|Any CPU.Build.0 = Release|Any CPU
		{A6D30108-C610-4724-9CCD-F40D8835E35A}.Release|x86.ActiveCfg = Release|x86
		{A6D30108-C610-4724-9CCD-F40D8835E35A}.Release|x86.Build.0 = Release|x86
		{30AE0834-A47D-40EE-8553-3EF0C1CA1B55}.Debug Minimal|Any CPU.ActiveCfg = Debug on Surface|x86
		{30AE0834-A47D-40EE-8553-3EF0C1CA1B55}.Debug Minimal|x86.ActiveCfg = Debug on Surface|x86
		{30AE0834-A47D-40EE-8553-3EF0C1CA1B55}.Debug Minimal|x86.Build.0 = Debug on Surface|x86
		{30AE0834-A47D-40EE-8553-3EF0C1CA1B55}.Debug No Tests|Any CPU.ActiveCfg = Debug on Surface|x86
		{30AE0834-A47D-40EE-8553-3EF0C1CA1B55}.Debug No Tests|x86.ActiveCfg = Debug on Surface|x86
		{30AE0834-A47D-40EE-8553-3EF0C1CA1B55}.Debug No Tests|x86.Build.0 = Debug on Surface|x86
		{30AE0834-A47D-40EE-8553-3EF0C1CA1B55}.Debug on Surface|Any CPU.ActiveCfg = Debug on Surface|Any CPU
		{30AE0834-A47D-40EE-8553-3EF0C1CA1B55}.Debug on Surface|Any CPU.Build.0 = Debug on Surface|Any CPU
		{30AE0834-A47D-40EE-8553-3EF0C1CA1B55}.Debug on Surface|x86.ActiveCfg = Debug on Surface|x86
		{30AE0834-A47D-40EE-8553-3EF0C1CA1B55}.Debug on Surface|x86.Build.0 = Debug on Surface|x86
		{30AE0834-A47D-40EE-8553-3EF0C1CA1B55}.Debug|Any CPU.ActiveCfg = Debug|Any CPU
		{30AE0834-A47D-40EE-8553-3EF0C1CA1B55}.Debug|Any CPU.Build.0 = Debug|Any CPU
		{30AE0834-A47D-40EE-8553-3EF0C1CA1B55}.Debug|x86.ActiveCfg = Debug|x86
		{30AE0834-A47D-40EE-8553-3EF0C1CA1B55}.Debug|x86.Build.0 = Debug|x86
		{30AE0834-A47D-40EE-8553-3EF0C1CA1B55}.Release No Tests|Any CPU.ActiveCfg = Release|x86
		{30AE0834-A47D-40EE-8553-3EF0C1CA1B55}.Release No Tests|x86.ActiveCfg = Release|x86
		{30AE0834-A47D-40EE-8553-3EF0C1CA1B55}.Release No Tests|x86.Build.0 = Release|x86
		{30AE0834-A47D-40EE-8553-3EF0C1CA1B55}.Release|Any CPU.ActiveCfg = Release|x86
		{30AE0834-A47D-40EE-8553-3EF0C1CA1B55}.Release|Any CPU.Build.0 = Release|x86
		{30AE0834-A47D-40EE-8553-3EF0C1CA1B55}.Release|x86.ActiveCfg = Release|x86
		{30AE0834-A47D-40EE-8553-3EF0C1CA1B55}.Release|x86.Build.0 = Release|x86
		{EB0627BA-B854-455F-8472-2F6C38E88795}.Debug Minimal|Any CPU.ActiveCfg = Debug|x86
		{EB0627BA-B854-455F-8472-2F6C38E88795}.Debug Minimal|x86.ActiveCfg = Debug|x86
		{EB0627BA-B854-455F-8472-2F6C38E88795}.Debug Minimal|x86.Build.0 = Debug|x86
		{EB0627BA-B854-455F-8472-2F6C38E88795}.Debug No Tests|Any CPU.ActiveCfg = Debug|x86
		{EB0627BA-B854-455F-8472-2F6C38E88795}.Debug No Tests|x86.ActiveCfg = Debug|x86
		{EB0627BA-B854-455F-8472-2F6C38E88795}.Debug No Tests|x86.Build.0 = Debug|x86
		{EB0627BA-B854-455F-8472-2F6C38E88795}.Debug on Surface|Any CPU.ActiveCfg = Debug|Any CPU
		{EB0627BA-B854-455F-8472-2F6C38E88795}.Debug on Surface|Any CPU.Build.0 = Debug|Any CPU
		{EB0627BA-B854-455F-8472-2F6C38E88795}.Debug on Surface|x86.ActiveCfg = Debug|x86
		{EB0627BA-B854-455F-8472-2F6C38E88795}.Debug on Surface|x86.Build.0 = Debug|x86
		{EB0627BA-B854-455F-8472-2F6C38E88795}.Debug|Any CPU.ActiveCfg = Debug|Any CPU
		{EB0627BA-B854-455F-8472-2F6C38E88795}.Debug|Any CPU.Build.0 = Debug|Any CPU
		{EB0627BA-B854-455F-8472-2F6C38E88795}.Debug|x86.ActiveCfg = Debug|x86
		{EB0627BA-B854-455F-8472-2F6C38E88795}.Debug|x86.Build.0 = Debug|x86
		{EB0627BA-B854-455F-8472-2F6C38E88795}.Release No Tests|Any CPU.ActiveCfg = Release|x86
		{EB0627BA-B854-455F-8472-2F6C38E88795}.Release No Tests|x86.ActiveCfg = Release|x86
		{EB0627BA-B854-455F-8472-2F6C38E88795}.Release No Tests|x86.Build.0 = Release|x86
		{EB0627BA-B854-455F-8472-2F6C38E88795}.Release|Any CPU.ActiveCfg = Release|Any CPU
		{EB0627BA-B854-455F-8472-2F6C38E88795}.Release|Any CPU.Build.0 = Release|Any CPU
		{EB0627BA-B854-455F-8472-2F6C38E88795}.Release|x86.ActiveCfg = Release|x86
		{EB0627BA-B854-455F-8472-2F6C38E88795}.Release|x86.Build.0 = Release|x86
		{BA3201ED-9FDD-44E5-AA16-5A14526BB908}.Debug Minimal|Any CPU.ActiveCfg = Debug|x86
		{BA3201ED-9FDD-44E5-AA16-5A14526BB908}.Debug Minimal|x86.ActiveCfg = Debug|x86
		{BA3201ED-9FDD-44E5-AA16-5A14526BB908}.Debug Minimal|x86.Build.0 = Debug|x86
		{BA3201ED-9FDD-44E5-AA16-5A14526BB908}.Debug No Tests|Any CPU.ActiveCfg = Debug|x86
		{BA3201ED-9FDD-44E5-AA16-5A14526BB908}.Debug No Tests|x86.ActiveCfg = Debug|x86
		{BA3201ED-9FDD-44E5-AA16-5A14526BB908}.Debug No Tests|x86.Build.0 = Debug|x86
		{BA3201ED-9FDD-44E5-AA16-5A14526BB908}.Debug on Surface|Any CPU.ActiveCfg = Debug|Any CPU
		{BA3201ED-9FDD-44E5-AA16-5A14526BB908}.Debug on Surface|Any CPU.Build.0 = Debug|Any CPU
		{BA3201ED-9FDD-44E5-AA16-5A14526BB908}.Debug on Surface|x86.ActiveCfg = Debug|x86
		{BA3201ED-9FDD-44E5-AA16-5A14526BB908}.Debug on Surface|x86.Build.0 = Debug|x86
		{BA3201ED-9FDD-44E5-AA16-5A14526BB908}.Debug|Any CPU.ActiveCfg = Debug|Any CPU
		{BA3201ED-9FDD-44E5-AA16-5A14526BB908}.Debug|Any CPU.Build.0 = Debug|Any CPU
		{BA3201ED-9FDD-44E5-AA16-5A14526BB908}.Debug|x86.ActiveCfg = Debug|x86
		{BA3201ED-9FDD-44E5-AA16-5A14526BB908}.Debug|x86.Build.0 = Debug|x86
		{BA3201ED-9FDD-44E5-AA16-5A14526BB908}.Release No Tests|Any CPU.ActiveCfg = Release|x86
		{BA3201ED-9FDD-44E5-AA16-5A14526BB908}.Release No Tests|x86.ActiveCfg = Release|x86
		{BA3201ED-9FDD-44E5-AA16-5A14526BB908}.Release No Tests|x86.Build.0 = Release|x86
		{BA3201ED-9FDD-44E5-AA16-5A14526BB908}.Release|Any CPU.ActiveCfg = Release|Any CPU
		{BA3201ED-9FDD-44E5-AA16-5A14526BB908}.Release|Any CPU.Build.0 = Release|Any CPU
		{BA3201ED-9FDD-44E5-AA16-5A14526BB908}.Release|x86.ActiveCfg = Release|x86
		{BA3201ED-9FDD-44E5-AA16-5A14526BB908}.Release|x86.Build.0 = Release|x86
		{87C41192-6020-45DB-A06B-4A8C45F81FE1}.Debug Minimal|Any CPU.ActiveCfg = Debug|x86
		{87C41192-6020-45DB-A06B-4A8C45F81FE1}.Debug Minimal|x86.ActiveCfg = Debug|x86
		{87C41192-6020-45DB-A06B-4A8C45F81FE1}.Debug Minimal|x86.Build.0 = Debug|x86
		{87C41192-6020-45DB-A06B-4A8C45F81FE1}.Debug No Tests|Any CPU.ActiveCfg = Debug|x86
		{87C41192-6020-45DB-A06B-4A8C45F81FE1}.Debug No Tests|x86.ActiveCfg = Debug|x86
		{87C41192-6020-45DB-A06B-4A8C45F81FE1}.Debug No Tests|x86.Build.0 = Debug|x86
		{87C41192-6020-45DB-A06B-4A8C45F81FE1}.Debug on Surface|Any CPU.ActiveCfg = Debug|Any CPU
		{87C41192-6020-45DB-A06B-4A8C45F81FE1}.Debug on Surface|Any CPU.Build.0 = Debug|Any CPU
		{87C41192-6020-45DB-A06B-4A8C45F81FE1}.Debug on Surface|x86.ActiveCfg = Debug|x86
		{87C41192-6020-45DB-A06B-4A8C45F81FE1}.Debug on Surface|x86.Build.0 = Debug|x86
		{87C41192-6020-45DB-A06B-4A8C45F81FE1}.Debug|Any CPU.ActiveCfg = Debug|Any CPU
		{87C41192-6020-45DB-A06B-4A8C45F81FE1}.Debug|Any CPU.Build.0 = Debug|Any CPU
		{87C41192-6020-45DB-A06B-4A8C45F81FE1}.Debug|x86.ActiveCfg = Debug|x86
		{87C41192-6020-45DB-A06B-4A8C45F81FE1}.Debug|x86.Build.0 = Debug|x86
		{87C41192-6020-45DB-A06B-4A8C45F81FE1}.Release No Tests|Any CPU.ActiveCfg = Release|x86
		{87C41192-6020-45DB-A06B-4A8C45F81FE1}.Release No Tests|x86.ActiveCfg = Release|x86
		{87C41192-6020-45DB-A06B-4A8C45F81FE1}.Release No Tests|x86.Build.0 = Release|x86
		{87C41192-6020-45DB-A06B-4A8C45F81FE1}.Release|Any CPU.ActiveCfg = Release|Any CPU
		{87C41192-6020-45DB-A06B-4A8C45F81FE1}.Release|Any CPU.Build.0 = Release|Any CPU
		{87C41192-6020-45DB-A06B-4A8C45F81FE1}.Release|x86.ActiveCfg = Release|x86
		{87C41192-6020-45DB-A06B-4A8C45F81FE1}.Release|x86.Build.0 = Release|x86
		{F42D6367-B340-4CE4-9AB7-43EEF3692FF4}.Debug Minimal|Any CPU.ActiveCfg = Debug|x86
		{F42D6367-B340-4CE4-9AB7-43EEF3692FF4}.Debug Minimal|x86.ActiveCfg = Debug|x86
		{F42D6367-B340-4CE4-9AB7-43EEF3692FF4}.Debug Minimal|x86.Build.0 = Debug|x86
		{F42D6367-B340-4CE4-9AB7-43EEF3692FF4}.Debug No Tests|Any CPU.ActiveCfg = Debug|x86
		{F42D6367-B340-4CE4-9AB7-43EEF3692FF4}.Debug No Tests|x86.ActiveCfg = Debug|x86
		{F42D6367-B340-4CE4-9AB7-43EEF3692FF4}.Debug No Tests|x86.Build.0 = Debug|x86
		{F42D6367-B340-4CE4-9AB7-43EEF3692FF4}.Debug on Surface|Any CPU.ActiveCfg = Debug|x86
		{F42D6367-B340-4CE4-9AB7-43EEF3692FF4}.Debug on Surface|x86.ActiveCfg = Debug|x86
		{F42D6367-B340-4CE4-9AB7-43EEF3692FF4}.Debug on Surface|x86.Build.0 = Debug|x86
		{F42D6367-B340-4CE4-9AB7-43EEF3692FF4}.Debug|Any CPU.ActiveCfg = Debug|Any CPU
		{F42D6367-B340-4CE4-9AB7-43EEF3692FF4}.Debug|Any CPU.Build.0 = Debug|Any CPU
		{F42D6367-B340-4CE4-9AB7-43EEF3692FF4}.Debug|x86.ActiveCfg = Debug|x86
		{F42D6367-B340-4CE4-9AB7-43EEF3692FF4}.Debug|x86.Build.0 = Debug|x86
		{F42D6367-B340-4CE4-9AB7-43EEF3692FF4}.Release No Tests|Any CPU.ActiveCfg = Release|x86
		{F42D6367-B340-4CE4-9AB7-43EEF3692FF4}.Release No Tests|x86.ActiveCfg = Release|x86
		{F42D6367-B340-4CE4-9AB7-43EEF3692FF4}.Release No Tests|x86.Build.0 = Release|x86
		{F42D6367-B340-4CE4-9AB7-43EEF3692FF4}.Release|Any CPU.ActiveCfg = Release|Any CPU
		{F42D6367-B340-4CE4-9AB7-43EEF3692FF4}.Release|Any CPU.Build.0 = Release|Any CPU
		{F42D6367-B340-4CE4-9AB7-43EEF3692FF4}.Release|x86.ActiveCfg = Release|x86
		{F42D6367-B340-4CE4-9AB7-43EEF3692FF4}.Release|x86.Build.0 = Release|x86
		{BF147DD5-18F0-47AE-A0F0-624909DF38BD}.Debug Minimal|Any CPU.ActiveCfg = Debug|x86
		{BF147DD5-18F0-47AE-A0F0-624909DF38BD}.Debug Minimal|Any CPU.Build.0 = Debug|x86
		{BF147DD5-18F0-47AE-A0F0-624909DF38BD}.Debug Minimal|x86.ActiveCfg = Debug|x86
		{BF147DD5-18F0-47AE-A0F0-624909DF38BD}.Debug Minimal|x86.Build.0 = Debug|x86
		{BF147DD5-18F0-47AE-A0F0-624909DF38BD}.Debug No Tests|Any CPU.ActiveCfg = Debug|x86
		{BF147DD5-18F0-47AE-A0F0-624909DF38BD}.Debug No Tests|x86.ActiveCfg = Debug|x86
		{BF147DD5-18F0-47AE-A0F0-624909DF38BD}.Debug No Tests|x86.Build.0 = Debug|x86
		{BF147DD5-18F0-47AE-A0F0-624909DF38BD}.Debug on Surface|Any CPU.ActiveCfg = Debug|Any CPU
		{BF147DD5-18F0-47AE-A0F0-624909DF38BD}.Debug on Surface|Any CPU.Build.0 = Debug|Any CPU
		{BF147DD5-18F0-47AE-A0F0-624909DF38BD}.Debug on Surface|x86.ActiveCfg = Debug|Any CPU
		{BF147DD5-18F0-47AE-A0F0-624909DF38BD}.Debug|Any CPU.ActiveCfg = Debug|Any CPU
		{BF147DD5-18F0-47AE-A0F0-624909DF38BD}.Debug|Any CPU.Build.0 = Debug|Any CPU
		{BF147DD5-18F0-47AE-A0F0-624909DF38BD}.Debug|x86.ActiveCfg = Debug|x86
		{BF147DD5-18F0-47AE-A0F0-624909DF38BD}.Debug|x86.Build.0 = Debug|x86
		{BF147DD5-18F0-47AE-A0F0-624909DF38BD}.Release No Tests|Any CPU.ActiveCfg = Release|x86
		{BF147DD5-18F0-47AE-A0F0-624909DF38BD}.Release No Tests|x86.ActiveCfg = Release|x86
		{BF147DD5-18F0-47AE-A0F0-624909DF38BD}.Release No Tests|x86.Build.0 = Release|x86
		{BF147DD5-18F0-47AE-A0F0-624909DF38BD}.Release|Any CPU.ActiveCfg = Release|Any CPU
		{BF147DD5-18F0-47AE-A0F0-624909DF38BD}.Release|Any CPU.Build.0 = Release|Any CPU
		{BF147DD5-18F0-47AE-A0F0-624909DF38BD}.Release|x86.ActiveCfg = Release|x86
		{BF147DD5-18F0-47AE-A0F0-624909DF38BD}.Release|x86.Build.0 = Release|x86
		{5C2B912D-0D19-4D3C-8967-5123D5725E5C}.Debug Minimal|Any CPU.ActiveCfg = Debug Minimal|x86
		{5C2B912D-0D19-4D3C-8967-5123D5725E5C}.Debug Minimal|Any CPU.Build.0 = Debug Minimal|x86
		{5C2B912D-0D19-4D3C-8967-5123D5725E5C}.Debug Minimal|x86.ActiveCfg = Debug Minimal|x86
		{5C2B912D-0D19-4D3C-8967-5123D5725E5C}.Debug Minimal|x86.Build.0 = Debug Minimal|x86
		{5C2B912D-0D19-4D3C-8967-5123D5725E5C}.Debug No Tests|Any CPU.ActiveCfg = Debug No Tests|Any CPU
		{5C2B912D-0D19-4D3C-8967-5123D5725E5C}.Debug No Tests|Any CPU.Build.0 = Debug No Tests|Any CPU
		{5C2B912D-0D19-4D3C-8967-5123D5725E5C}.Debug No Tests|x86.ActiveCfg = Debug No Tests|x86
		{5C2B912D-0D19-4D3C-8967-5123D5725E5C}.Debug No Tests|x86.Build.0 = Debug No Tests|x86
		{5C2B912D-0D19-4D3C-8967-5123D5725E5C}.Debug on Surface|Any CPU.ActiveCfg = Debug Minimal|x86
		{5C2B912D-0D19-4D3C-8967-5123D5725E5C}.Debug on Surface|x86.ActiveCfg = Debug Minimal|x86
		{5C2B912D-0D19-4D3C-8967-5123D5725E5C}.Debug on Surface|x86.Build.0 = Debug Minimal|x86
		{5C2B912D-0D19-4D3C-8967-5123D5725E5C}.Debug|Any CPU.ActiveCfg = Debug|Any CPU
		{5C2B912D-0D19-4D3C-8967-5123D5725E5C}.Debug|Any CPU.Build.0 = Debug|Any CPU
		{5C2B912D-0D19-4D3C-8967-5123D5725E5C}.Debug|x86.ActiveCfg = Debug|x86
		{5C2B912D-0D19-4D3C-8967-5123D5725E5C}.Debug|x86.Build.0 = Debug|x86
		{5C2B912D-0D19-4D3C-8967-5123D5725E5C}.Release No Tests|Any CPU.ActiveCfg = Release No Tests|Any CPU
		{5C2B912D-0D19-4D3C-8967-5123D5725E5C}.Release No Tests|Any CPU.Build.0 = Release No Tests|Any CPU
		{5C2B912D-0D19-4D3C-8967-5123D5725E5C}.Release No Tests|x86.ActiveCfg = Release No Tests|x86
		{5C2B912D-0D19-4D3C-8967-5123D5725E5C}.Release No Tests|x86.Build.0 = Release No Tests|x86
		{5C2B912D-0D19-4D3C-8967-5123D5725E5C}.Release|Any CPU.ActiveCfg = Release|Any CPU
		{5C2B912D-0D19-4D3C-8967-5123D5725E5C}.Release|Any CPU.Build.0 = Release|Any CPU
		{5C2B912D-0D19-4D3C-8967-5123D5725E5C}.Release|x86.ActiveCfg = Release|x86
		{5C2B912D-0D19-4D3C-8967-5123D5725E5C}.Release|x86.Build.0 = Release|x86
		{32093B65-B30A-4CE7-9022-CF6234245E92}.Debug Minimal|Any CPU.ActiveCfg = Debug|x86
		{32093B65-B30A-4CE7-9022-CF6234245E92}.Debug Minimal|Any CPU.Build.0 = Debug|x86
		{32093B65-B30A-4CE7-9022-CF6234245E92}.Debug Minimal|x86.ActiveCfg = Debug|x86
		{32093B65-B30A-4CE7-9022-CF6234245E92}.Debug Minimal|x86.Build.0 = Debug|x86
		{32093B65-B30A-4CE7-9022-CF6234245E92}.Debug No Tests|Any CPU.ActiveCfg = Debug|x86
		{32093B65-B30A-4CE7-9022-CF6234245E92}.Debug No Tests|x86.ActiveCfg = Debug|x86
		{32093B65-B30A-4CE7-9022-CF6234245E92}.Debug No Tests|x86.Build.0 = Debug|x86
		{32093B65-B30A-4CE7-9022-CF6234245E92}.Debug on Surface|Any CPU.ActiveCfg = Debug|x86
		{32093B65-B30A-4CE7-9022-CF6234245E92}.Debug on Surface|x86.ActiveCfg = Debug|x86
		{32093B65-B30A-4CE7-9022-CF6234245E92}.Debug on Surface|x86.Build.0 = Debug|x86
		{32093B65-B30A-4CE7-9022-CF6234245E92}.Debug|Any CPU.ActiveCfg = Debug|Any CPU
		{32093B65-B30A-4CE7-9022-CF6234245E92}.Debug|Any CPU.Build.0 = Debug|Any CPU
		{32093B65-B30A-4CE7-9022-CF6234245E92}.Debug|x86.ActiveCfg = Debug|x86
		{32093B65-B30A-4CE7-9022-CF6234245E92}.Debug|x86.Build.0 = Debug|x86
		{32093B65-B30A-4CE7-9022-CF6234245E92}.Release No Tests|Any CPU.ActiveCfg = Release|x86
		{32093B65-B30A-4CE7-9022-CF6234245E92}.Release No Tests|x86.ActiveCfg = Release|x86
		{32093B65-B30A-4CE7-9022-CF6234245E92}.Release No Tests|x86.Build.0 = Release|x86
		{32093B65-B30A-4CE7-9022-CF6234245E92}.Release|Any CPU.ActiveCfg = Release|Any CPU
		{32093B65-B30A-4CE7-9022-CF6234245E92}.Release|Any CPU.Build.0 = Release|Any CPU
		{32093B65-B30A-4CE7-9022-CF6234245E92}.Release|x86.ActiveCfg = Release|x86
		{32093B65-B30A-4CE7-9022-CF6234245E92}.Release|x86.Build.0 = Release|x86
	EndGlobalSection
	GlobalSection(SolutionProperties) = preSolution
		HideSolutionNode = FALSE
	EndGlobalSection
	GlobalSection(NestedProjects) = preSolution
		{30AE0834-A47D-40EE-8553-3EF0C1CA1B55} = {668F87CB-C021-4E70-9708-FD235105282D}
		{EB0627BA-B854-455F-8472-2F6C38E88795} = {668F87CB-C021-4E70-9708-FD235105282D}
		{BF147DD5-18F0-47AE-A0F0-624909DF38BD} = {668F87CB-C021-4E70-9708-FD235105282D}
		{32093B65-B30A-4CE7-9022-CF6234245E92} = {668F87CB-C021-4E70-9708-FD235105282D}
		{A6D30108-C610-4724-9CCD-F40D8835E35A} = {668F87CB-C021-4E70-9708-FD235105282D}
	EndGlobalSection
EndGlobal
